
Microsoft Visual Studio Solution File, Format Version 12.00
# Visual Studio Version 16
VisualStudioVersion = 16.0.29920.165
MinimumVisualStudioVersion = 10.0.40219.1
Project("{9A19103F-16F7-4668-BE54-9A1E7A4F7556}") = "Mesh", "Mesh\Mesh.csproj", "{C7FED051-1B35-45C6-94DD-2E6EAE243205}"
EndProject
Global
	GlobalSection(SolutionConfigurationPlatforms) = preSolution
		Debug|Any CPU = Debug|Any CPU
		Release|Any CPU = Release|Any CPU
	EndGlobalSection
	GlobalSection(ProjectConfigurationPlatforms) = postSolution
		{C7FED051-1B35-45C6-94DD-2E6EAE243205}.Debug|Any CPU.ActiveCfg = Debug|Any CPU
		{C7FED051-1B35-45C6-94DD-2E6EAE243205}.Debug|Any CPU.Build.0 = Debug|Any CPU
		{C7FED051-1B35-45C6-94DD-2E6EAE243205}.Release|Any CPU.ActiveCfg = Release|Any CPU
		{C7FED051-1B35-45C6-94DD-2E6EAE243205}.Release|Any CPU.Build.0 = Release|Any CPU
	EndGlobalSection
	GlobalSection(SolutionProperties) = preSolution
		HideSolutionNode = FALSE
	EndGlobalSection
	GlobalSection(ExtensibilityGlobals) = postSolution
		SolutionGuid = {5CEF216D-DECB-4665-BCDF-163065ECED35}
	EndGlobalSection
EndGlobal
